
Microsoft Visual Studio Solution File, Format Version 12.00
# Visual Studio 2012
Project("{F184B08F-C81C-45F6-A57F-5ABD9991F28F}") = "HeroesList", "HeroesList\HeroesList.vbproj", "{06BFB7B2-0874-41B0-A3CE-74B1D771C1A5}"
EndProject
Global
	GlobalSection(SolutionConfigurationPlatforms) = preSolution
		Debug|Any CPU = Debug|Any CPU
		Release|Any CPU = Release|Any CPU
	EndGlobalSection
	GlobalSection(ProjectConfigurationPlatforms) = postSolution
		{06BFB7B2-0874-41B0-A3CE-74B1D771C1A5}.Debug|Any CPU.ActiveCfg = Debug|Any CPU
		{06BFB7B2-0874-41B0-A3CE-74B1D771C1A5}.Debug|Any CPU.Build.0 = Debug|Any CPU
		{06BFB7B2-0874-41B0-A3CE-74B1D771C1A5}.Release|Any CPU.ActiveCfg = Release|Any CPU
		{06BFB7B2-0874-41B0-A3CE-74B1D771C1A5}.Release|Any CPU.Build.0 = Release|Any CPU
	EndGlobalSection
	GlobalSection(SolutionProperties) = preSolution
		HideSolutionNode = FALSE
	EndGlobalSection
EndGlobal
